
Microsoft Visual Studio Solution File, Format Version 12.00
# Visual Studio 15
VisualStudioVersion = 15.0.28307.1267
MinimumVisualStudioVersion = 10.0.40219.1
Project("{8BC9CEB8-8B4A-11D0-8D11-00A0C91BC942}") = "FEM", "FEM\FEM.vcxproj", "{B9CE4544-725E-463A-835D-81F6CBBC4AF6}"
EndProject
Global
	GlobalSection(SolutionConfigurationPlatforms) = preSolution
		Debug|x64 = Debug|x64
		Debug|x86 = Debug|x86
		Release|x64 = Release|x64
		Release|x86 = Release|x86
	EndGlobalSection
	GlobalSection(ProjectConfigurationPlatforms) = postSolution
		{B9CE4544-725E-463A-835D-81F6CBBC4AF6}.Debug|x64.ActiveCfg = Debug|x64
		{B9CE4544-725E-463A-835D-81F6CBBC4AF6}.Debug|x64.Build.0 = Debug|x64
		{B9CE4544-725E-463A-835D-81F6CBBC4AF6}.Debug|x86.ActiveCfg = Debug|Win32
		{B9CE4544-725E-463A-835D-81F6CBBC4AF6}.Debug|x86.Build.0 = Debug|Win32
		{B9CE4544-725E-463A-835D-81F6CBBC4AF6}.Release|x64.ActiveCfg = Release|x64
		{B9CE4544-725E-463A-835D-81F6CBBC4AF6}.Release|x64.Build.0 = Release|x64
		{B9CE4544-725E-463A-835D-81F6CBBC4AF6}.Release|x86.ActiveCfg = Release|Win32
		{B9CE4544-725E-463A-835D-81F6CBBC4AF6}.Release|x86.Build.0 = Release|Win32
	EndGlobalSection
	GlobalSection(SolutionProperties) = preSolution
		HideSolutionNode = FALSE
	EndGlobalSection
	GlobalSection(ExtensibilityGlobals) = postSolution
		SolutionGuid = {5C7C312A-CA5D-4168-A964-AE2771B6C79C}
	EndGlobalSection
EndGlobal
